
Microsoft Visual Studio Solution File, Format Version 12.00
# Visual Studio Version 17
VisualStudioVersion = 17.14.36414.22
MinimumVisualStudioVersion = 10.0.40219.1
Project("{2150E333-8FDC-42A3-9474-1A3956D46DE8}") = "Task0", "Task0", "{02EA681E-C7D8-13C7-8484-4AC65E1B71E8}"
EndProject
Project("{FAE04EC0-301F-11D3-BF4B-00C04F79EFBC}") = "Tyuiu.ZelenovaIV.Sprint3.Task0.V16.Lib", "Tyuiu.ZelenovaIV.Sprint3.Task0.V16.Lib\Tyuiu.ZelenovaIV.Sprint3.Task0.V16.Lib.csproj", "{3AEB500B-03A0-4300-8A38-A8B288C4C919}"
EndProject
Project("{FAE04EC0-301F-11D3-BF4B-00C04F79EFBC}") = "Tyuiu.ZelenovaIV.Sprint3.Task0.V16.Test", "Tyuiu.ZelenovaIV.Sprint3.Task0.V16.Test\Tyuiu.ZelenovaIV.Sprint3.Task0.V16.Test.csproj", "{EA0C2969-2DE8-297A-DAAD-97CF27A1608D}"
EndProject
Project("{FAE04EC0-301F-11D3-BF4B-00C04F79EFBC}") = "Tyuiu.ZelenovaIV.Sprint3.Task0.V16", "Tyuiu.ZelenovaIV.Sprint3.Task0.V16\Tyuiu.ZelenovaIV.Sprint3.Task0.V16.csproj", "{A898CB20-9F8E-4020-BCEB-AFB00E366712}"
EndProject
Global
	GlobalSection(SolutionConfigurationPlatforms) = preSolution
		Debug|Any CPU = Debug|Any CPU
		Release|Any CPU = Release|Any CPU
	EndGlobalSection
	GlobalSection(ProjectConfigurationPlatforms) = postSolution
		{3AEB500B-03A0-4300-8A38-A8B288C4C919}.Debug|Any CPU.ActiveCfg = Debug|Any CPU
		{3AEB500B-03A0-4300-8A38-A8B288C4C919}.Debug|Any CPU.Build.0 = Debug|Any CPU
		{3AEB500B-03A0-4300-8A38-A8B288C4C919}.Release|Any CPU.ActiveCfg = Release|Any CPU
		{3AEB500B-03A0-4300-8A38-A8B288C4C919}.Release|Any CPU.Build.0 = Release|Any CPU
		{EA0C2969-2DE8-297A-DAAD-97CF27A1608D}.Debug|Any CPU.ActiveCfg = Debug|Any CPU
		{EA0C2969-2DE8-297A-DAAD-97CF27A1608D}.Debug|Any CPU.Build.0 = Debug|Any CPU
		{EA0C2969-2DE8-297A-DAAD-97CF27A1608D}.Release|Any CPU.ActiveCfg = Release|Any CPU
		{EA0C2969-2DE8-297A-DAAD-97CF27A1608D}.Release|Any CPU.Build.0 = Release|Any CPU
		{A898CB20-9F8E-4020-BCEB-AFB00E366712}.Debug|Any CPU.ActiveCfg = Debug|Any CPU
		{A898CB20-9F8E-4020-BCEB-AFB00E366712}.Debug|Any CPU.Build.0 = Debug|Any CPU
		{A898CB20-9F8E-4020-BCEB-AFB00E366712}.Release|Any CPU.ActiveCfg = Release|Any CPU
		{A898CB20-9F8E-4020-BCEB-AFB00E366712}.Release|Any CPU.Build.0 = Release|Any CPU
	EndGlobalSection
	GlobalSection(SolutionProperties) = preSolution
		HideSolutionNode = FALSE
	EndGlobalSection
	GlobalSection(NestedProjects) = preSolution
		{3AEB500B-03A0-4300-8A38-A8B288C4C919} = {02EA681E-C7D8-13C7-8484-4AC65E1B71E8}
		{EA0C2969-2DE8-297A-DAAD-97CF27A1608D} = {02EA681E-C7D8-13C7-8484-4AC65E1B71E8}
		{A898CB20-9F8E-4020-BCEB-AFB00E366712} = {02EA681E-C7D8-13C7-8484-4AC65E1B71E8}
	EndGlobalSection
	GlobalSection(ExtensibilityGlobals) = postSolution
		SolutionGuid = {88DB9C78-7D2D-419B-AB5D-1B52DA040FC2}
	EndGlobalSection
EndGlobal
