
Microsoft Visual Studio Solution File, Format Version 12.00
# Visual Studio Version 17
VisualStudioVersion = 17.14.36414.22
MinimumVisualStudioVersion = 10.0.40219.1
Project("{2150E333-8FDC-42A3-9474-1A3956D46DE8}") = "Task0", "Task0", "{02EA681E-C7D8-13C7-8484-4AC65E1B71E8}"
EndProject
Project("{FAE04EC0-301F-11D3-BF4B-00C04F79EFBC}") = "Tyuiu.ZelenovaIV.Sprint3.Task0.V16.Lib", "Tyuiu.ZelenovaIV.Sprint3.Task0.V16.Lib\Tyuiu.ZelenovaIV.Sprint3.Task0.V16.Lib.csproj", "{3AEB500B-03A0-4300-8A38-A8B288C4C919}"
EndProject
Project("{FAE04EC0-301F-11D3-BF4B-00C04F79EFBC}") = "Tyuiu.ZelenovaIV.Sprint3.Task0.V16.Test", "Tyuiu.ZelenovaIV.Sprint3.Task0.V16.Test\Tyuiu.ZelenovaIV.Sprint3.Task0.V16.Test.csproj", "{EA0C2969-2DE8-297A-DAAD-97CF27A1608D}"
EndProject
Project("{FAE04EC0-301F-11D3-BF4B-00C04F79EFBC}") = "Tyuiu.ZelenovaIV.Sprint3.Task0.V16", "Tyuiu.ZelenovaIV.Sprint3.Task0.V16\Tyuiu.ZelenovaIV.Sprint3.Task0.V16.csproj", "{A898CB20-9F8E-4020-BCEB-AFB00E366712}"
EndProject
Project("{2150E333-8FDC-42A3-9474-1A3956D46DE8}") = "Task1", "Task1", "{2AEC9BB4-1325-438F-8CFC-32DFB27F4568}"
EndProject
Project("{FAE04EC0-301F-11D3-BF4B-00C04F79EFBC}") = "Tyuiu.ZelenovaIV.Sprint3.Task1.V28.Lib", "Tyuiu.ZelenovaIV.Sprint3.Task1.V28.Lib\Tyuiu.ZelenovaIV.Sprint3.Task1.V28.Lib.csproj", "{F3DB5383-4AAE-483A-B78B-FAFE62FC424D}"
EndProject
Project("{FAE04EC0-301F-11D3-BF4B-00C04F79EFBC}") = "Tyuiu.ZelenovaIV.Sprint3.Task1.V28.Test", "Tyuiu.ZelenovaIV.Sprint3.Task1.V28.Test\Tyuiu.ZelenovaIV.Sprint3.Task1.V28.Test.csproj", "{02E82EEC-8E76-4DC2-AFD1-6E85EA7A0594}"
EndProject
Project("{FAE04EC0-301F-11D3-BF4B-00C04F79EFBC}") = "Tyuiu.ZelenovaIV.Sprint3.Task1.V28", "Tyuiu.ZelenovaIV.Sprint3.Task1.V28\Tyuiu.ZelenovaIV.Sprint3.Task1.V28.csproj", "{2C83B1E7-10BE-429A-95D8-523962FB956A}"
EndProject
Project("{2150E333-8FDC-42A3-9474-1A3956D46DE8}") = "Task2", "Task2", "{F37E6795-A965-4E72-AE22-027875D39FDD}"
EndProject
Project("{FAE04EC0-301F-11D3-BF4B-00C04F79EFBC}") = "Tyuiu.ZelenovaIV.Sprint3.Task2.V28.Lib", "Tyuiu.ZelenovaIV.Sprint3.Task2.V28.Lib\Tyuiu.ZelenovaIV.Sprint3.Task2.V28.Lib.csproj", "{1460C731-4CB0-4BB3-8653-D34B472C3923}"
EndProject
Project("{FAE04EC0-301F-11D3-BF4B-00C04F79EFBC}") = "Tyuiu.ZelenovaIV.Sprint3.Task2.V28.Test", "Tyuiu.ZelenovaIV.Sprint3.Task2.V28.Test\Tyuiu.ZelenovaIV.Sprint3.Task2.V28.Test.csproj", "{8D0FCE86-8834-425A-A06F-E0AD9B5F2D5B}"
EndProject
Project("{FAE04EC0-301F-11D3-BF4B-00C04F79EFBC}") = "Tyuiu.ZelenovaIV.Sprint3.Task2.V28", "Tyuiu.ZelenovaIV.Sprint3.Task2.V28\Tyuiu.ZelenovaIV.Sprint3.Task2.V28.csproj", "{53D0A5B7-ED9C-4DA9-8A32-64E9D3D4C65B}"
EndProject
Project("{2150E333-8FDC-42A3-9474-1A3956D46DE8}") = "Task3", "Task3", "{500DC82C-7324-44FF-8864-24DB69A65E2F}"
EndProject
Project("{FAE04EC0-301F-11D3-BF4B-00C04F79EFBC}") = "Tyuiu.ZelenovaIV.Sprint3.Task3.V6.Lib", "Tyuiu.ZelenovaIV.Sprint3.Task3.V6.Lib\Tyuiu.ZelenovaIV.Sprint3.Task3.V6.Lib.csproj", "{64F807B1-ED4F-4FA4-A085-64C481B06A08}"
EndProject
Project("{FAE04EC0-301F-11D3-BF4B-00C04F79EFBC}") = "Tyuiu.ZelenovaIV.Sprint3.Task3.V6.Test", "Tyuiu.ZelenovaIV.Sprint3.Task3.V6.Test\Tyuiu.ZelenovaIV.Sprint3.Task3.V6.Test.csproj", "{9904DE14-72E1-4050-A295-DB60E75C6B03}"
EndProject
Project("{FAE04EC0-301F-11D3-BF4B-00C04F79EFBC}") = "Tyuiu.ZelenovaIV.Sprint3.Task3.V6", "Tyuiu.ZelenovaIV.Sprint3.Task3.V6\Tyuiu.ZelenovaIV.Sprint3.Task3.V6.csproj", "{6CF2FB52-B70F-4F73-9C5F-203C1EC3EA93}"
EndProject
Project("{2150E333-8FDC-42A3-9474-1A3956D46DE8}") = "Task4", "Task4", "{81AEBBD8-F593-44AD-895D-274171691CC2}"
EndProject
Project("{FAE04EC0-301F-11D3-BF4B-00C04F79EFBC}") = "Tyuiu.ZelenovaIV.Sprint3.Task4.V23.Lib", "Tyuiu.ZelenovaIV.Sprint3.Task4.V23.Lib\Tyuiu.ZelenovaIV.Sprint3.Task4.V23.Lib.csproj", "{71185F17-B82E-4FDF-8F8D-61B8EE54CCFD}"
EndProject
Project("{FAE04EC0-301F-11D3-BF4B-00C04F79EFBC}") = "Tyuiu.ZelenovaIV.Sprint3.Task4.V23.Test", "Tyuiu.ZelenovaIV.Sprint3.Task4.V23.Test\Tyuiu.ZelenovaIV.Sprint3.Task4.V23.Test.csproj", "{5691EB30-28A5-4E9D-917E-456732CBDD89}"
EndProject
Project("{FAE04EC0-301F-11D3-BF4B-00C04F79EFBC}") = "Tyuiu.ZelenovaIV.Sprint3.Task4.V23", "Tyuiu.ZelenovaIV.Sprint3.Task4.V23\Tyuiu.ZelenovaIV.Sprint3.Task4.V23.csproj", "{00B5C0C9-5E81-41DA-874F-34902B109B41}"
EndProject
Project("{2150E333-8FDC-42A3-9474-1A3956D46DE8}") = "Task6", "Task6", "{1C321707-A89F-4FEB-AF1F-8BA7C81FD828}"
EndProject
Project("{FAE04EC0-301F-11D3-BF4B-00C04F79EFBC}") = "Tyuiu.ZelenovaIV.Sprint3.Task6.V27.Lib", "Tyuiu.ZelenovaIV.Sprint3.Task6.V27.Lib\Tyuiu.ZelenovaIV.Sprint3.Task6.V27.Lib.csproj", "{B9F93AB0-C6E7-4645-AA87-1F4575D8C7C5}"
EndProject
Project("{FAE04EC0-301F-11D3-BF4B-00C04F79EFBC}") = "Tyuiu.ZelenovaIV.Sprint3.Task6.V27.Test", "Tyuiu.ZelenovaIV.Sprint3.Task6.V27.Test\Tyuiu.ZelenovaIV.Sprint3.Task6.V27.Test.csproj", "{95D6F69B-AD48-4E7E-8EDD-8216C740A280}"
EndProject
Project("{FAE04EC0-301F-11D3-BF4B-00C04F79EFBC}") = "Tyuiu.ZelenovaIV.Sprint3.Task6.V27", "Tyuiu.ZelenovaIV.Sprint3.Task6.V27\Tyuiu.ZelenovaIV.Sprint3.Task6.V27.csproj", "{156C1CB3-2A81-4200-90B6-689EA5852426}"
EndProject
Project("{2150E333-8FDC-42A3-9474-1A3956D46DE8}") = "Task7", "Task7", "{485AEFBA-CFB4-45A2-9378-655F263E22EE}"
EndProject
Project("{FAE04EC0-301F-11D3-BF4B-00C04F79EFBC}") = "Tyuiu.ZelenovaIV.Sprint3.Task7.V27.Lib", "Tyuiu.ZelenovaIV.Sprint3.Task7.V27.Lib\Tyuiu.ZelenovaIV.Sprint3.Task7.V27.Lib.csproj", "{A87E93DD-D7F9-4AA0-9605-5F56D89F1AA2}"
EndProject
Project("{FAE04EC0-301F-11D3-BF4B-00C04F79EFBC}") = "Tyuiu.ZelenovaIV.Sprint3.Task7.V27.Test", "Tyuiu.ZelenovaIV.Sprint3.Task7.V27.Test\Tyuiu.ZelenovaIV.Sprint3.Task7.V27.Test.csproj", "{C42721A9-2FD0-489B-8DE6-1DD48BB4550F}"
EndProject
Project("{FAE04EC0-301F-11D3-BF4B-00C04F79EFBC}") = "Tyuiu.ZelenovaIV.Sprint3.Task7.V27", "Tyuiu.ZelenovaIV.Sprint3.Task7.V27\Tyuiu.ZelenovaIV.Sprint3.Task7.V27.csproj", "{B2E114A1-EE6F-4116-A5F2-F14E66BF660B}"
EndProject
Project("{2150E333-8FDC-42A3-9474-1A3956D46DE8}") = "Task5", "Task5", "{2B53FC1D-858B-4A50-94F7-28A92C28AADA}"
EndProject
Project("{FAE04EC0-301F-11D3-BF4B-00C04F79EFBC}") = "Tyuiu.ZelenovaIV.Sprint3.Task5.V14.Lib", "Tyuiu.ZelenovaIV.Sprint3.Task5.V14.Lib\Tyuiu.ZelenovaIV.Sprint3.Task5.V14.Lib.csproj", "{9D962881-6322-41C0-9190-DBCA8EA45B68}"
EndProject
Project("{FAE04EC0-301F-11D3-BF4B-00C04F79EFBC}") = "Tyuiu.ZelenovaIV.Sprint3.Task5.V14.Test", "Tyuiu.ZelenovaIV.Sprint3.Task5.V14.Test\Tyuiu.ZelenovaIV.Sprint3.Task5.V14.Test.csproj", "{22EB6313-5837-4C4F-9A5E-C37F7EEB29AF}"
EndProject
Project("{FAE04EC0-301F-11D3-BF4B-00C04F79EFBC}") = "Tyuiu.ZelenovaIV.Sprint3.Task5.V14", "Tyuiu.ZelenovaIV.Sprint3.Task5.V14\Tyuiu.ZelenovaIV.Sprint3.Task5.V14.csproj", "{02B50866-CA6F-4DE9-9363-F3E7DD4A5F71}"
EndProject
Global
	GlobalSection(SolutionConfigurationPlatforms) = preSolution
		Debug|Any CPU = Debug|Any CPU
		Release|Any CPU = Release|Any CPU
	EndGlobalSection
	GlobalSection(ProjectConfigurationPlatforms) = postSolution
		{3AEB500B-03A0-4300-8A38-A8B288C4C919}.Debug|Any CPU.ActiveCfg = Debug|Any CPU
		{3AEB500B-03A0-4300-8A38-A8B288C4C919}.Debug|Any CPU.Build.0 = Debug|Any CPU
		{3AEB500B-03A0-4300-8A38-A8B288C4C919}.Release|Any CPU.ActiveCfg = Release|Any CPU
		{3AEB500B-03A0-4300-8A38-A8B288C4C919}.Release|Any CPU.Build.0 = Release|Any CPU
		{EA0C2969-2DE8-297A-DAAD-97CF27A1608D}.Debug|Any CPU.ActiveCfg = Debug|Any CPU
		{EA0C2969-2DE8-297A-DAAD-97CF27A1608D}.Debug|Any CPU.Build.0 = Debug|Any CPU
		{EA0C2969-2DE8-297A-DAAD-97CF27A1608D}.Release|Any CPU.ActiveCfg = Release|Any CPU
		{EA0C2969-2DE8-297A-DAAD-97CF27A1608D}.Release|Any CPU.Build.0 = Release|Any CPU
		{A898CB20-9F8E-4020-BCEB-AFB00E366712}.Debug|Any CPU.ActiveCfg = Debug|Any CPU
		{A898CB20-9F8E-4020-BCEB-AFB00E366712}.Debug|Any CPU.Build.0 = Debug|Any CPU
		{A898CB20-9F8E-4020-BCEB-AFB00E366712}.Release|Any CPU.ActiveCfg = Release|Any CPU
		{A898CB20-9F8E-4020-BCEB-AFB00E366712}.Release|Any CPU.Build.0 = Release|Any CPU
		{F3DB5383-4AAE-483A-B78B-FAFE62FC424D}.Debug|Any CPU.ActiveCfg = Debug|Any CPU
		{F3DB5383-4AAE-483A-B78B-FAFE62FC424D}.Debug|Any CPU.Build.0 = Debug|Any CPU
		{F3DB5383-4AAE-483A-B78B-FAFE62FC424D}.Release|Any CPU.ActiveCfg = Release|Any CPU
		{F3DB5383-4AAE-483A-B78B-FAFE62FC424D}.Release|Any CPU.Build.0 = Release|Any CPU
		{02E82EEC-8E76-4DC2-AFD1-6E85EA7A0594}.Debug|Any CPU.ActiveCfg = Debug|Any CPU
		{02E82EEC-8E76-4DC2-AFD1-6E85EA7A0594}.Debug|Any CPU.Build.0 = Debug|Any CPU
		{02E82EEC-8E76-4DC2-AFD1-6E85EA7A0594}.Release|Any CPU.ActiveCfg = Release|Any CPU
		{02E82EEC-8E76-4DC2-AFD1-6E85EA7A0594}.Release|Any CPU.Build.0 = Release|Any CPU
		{2C83B1E7-10BE-429A-95D8-523962FB956A}.Debug|Any CPU.ActiveCfg = Debug|Any CPU
		{2C83B1E7-10BE-429A-95D8-523962FB956A}.Debug|Any CPU.Build.0 = Debug|Any CPU
		{2C83B1E7-10BE-429A-95D8-523962FB956A}.Release|Any CPU.ActiveCfg = Release|Any CPU
		{2C83B1E7-10BE-429A-95D8-523962FB956A}.Release|Any CPU.Build.0 = Release|Any CPU
		{1460C731-4CB0-4BB3-8653-D34B472C3923}.Debug|Any CPU.ActiveCfg = Debug|Any CPU
		{1460C731-4CB0-4BB3-8653-D34B472C3923}.Debug|Any CPU.Build.0 = Debug|Any CPU
		{1460C731-4CB0-4BB3-8653-D34B472C3923}.Release|Any CPU.ActiveCfg = Release|Any CPU
		{1460C731-4CB0-4BB3-8653-D34B472C3923}.Release|Any CPU.Build.0 = Release|Any CPU
		{8D0FCE86-8834-425A-A06F-E0AD9B5F2D5B}.Debug|Any CPU.ActiveCfg = Debug|Any CPU
		{8D0FCE86-8834-425A-A06F-E0AD9B5F2D5B}.Debug|Any CPU.Build.0 = Debug|Any CPU
		{8D0FCE86-8834-425A-A06F-E0AD9B5F2D5B}.Release|Any CPU.ActiveCfg = Release|Any CPU
		{8D0FCE86-8834-425A-A06F-E0AD9B5F2D5B}.Release|Any CPU.Build.0 = Release|Any CPU
		{53D0A5B7-ED9C-4DA9-8A32-64E9D3D4C65B}.Debug|Any CPU.ActiveCfg = Debug|Any CPU
		{53D0A5B7-ED9C-4DA9-8A32-64E9D3D4C65B}.Debug|Any CPU.Build.0 = Debug|Any CPU
		{53D0A5B7-ED9C-4DA9-8A32-64E9D3D4C65B}.Release|Any CPU.ActiveCfg = Release|Any CPU
		{53D0A5B7-ED9C-4DA9-8A32-64E9D3D4C65B}.Release|Any CPU.Build.0 = Release|Any CPU
		{64F807B1-ED4F-4FA4-A085-64C481B06A08}.Debug|Any CPU.ActiveCfg = Debug|Any CPU
		{64F807B1-ED4F-4FA4-A085-64C481B06A08}.Debug|Any CPU.Build.0 = Debug|Any CPU
		{64F807B1-ED4F-4FA4-A085-64C481B06A08}.Release|Any CPU.ActiveCfg = Release|Any CPU
		{64F807B1-ED4F-4FA4-A085-64C481B06A08}.Release|Any CPU.Build.0 = Release|Any CPU
		{9904DE14-72E1-4050-A295-DB60E75C6B03}.Debug|Any CPU.ActiveCfg = Debug|Any CPU
		{9904DE14-72E1-4050-A295-DB60E75C6B03}.Debug|Any CPU.Build.0 = Debug|Any CPU
		{9904DE14-72E1-4050-A295-DB60E75C6B03}.Release|Any CPU.ActiveCfg = Release|Any CPU
		{9904DE14-72E1-4050-A295-DB60E75C6B03}.Release|Any CPU.Build.0 = Release|Any CPU
		{6CF2FB52-B70F-4F73-9C5F-203C1EC3EA93}.Debug|Any CPU.ActiveCfg = Debug|Any CPU
		{6CF2FB52-B70F-4F73-9C5F-203C1EC3EA93}.Debug|Any CPU.Build.0 = Debug|Any CPU
		{6CF2FB52-B70F-4F73-9C5F-203C1EC3EA93}.Release|Any CPU.ActiveCfg = Release|Any CPU
		{6CF2FB52-B70F-4F73-9C5F-203C1EC3EA93}.Release|Any CPU.Build.0 = Release|Any CPU
		{71185F17-B82E-4FDF-8F8D-61B8EE54CCFD}.Debug|Any CPU.ActiveCfg = Debug|Any CPU
		{71185F17-B82E-4FDF-8F8D-61B8EE54CCFD}.Debug|Any CPU.Build.0 = Debug|Any CPU
		{71185F17-B82E-4FDF-8F8D-61B8EE54CCFD}.Release|Any CPU.ActiveCfg = Release|Any CPU
		{71185F17-B82E-4FDF-8F8D-61B8EE54CCFD}.Release|Any CPU.Build.0 = Release|Any CPU
		{5691EB30-28A5-4E9D-917E-456732CBDD89}.Debug|Any CPU.ActiveCfg = Debug|Any CPU
		{5691EB30-28A5-4E9D-917E-456732CBDD89}.Debug|Any CPU.Build.0 = Debug|Any CPU
		{5691EB30-28A5-4E9D-917E-456732CBDD89}.Release|Any CPU.ActiveCfg = Release|Any CPU
		{5691EB30-28A5-4E9D-917E-456732CBDD89}.Release|Any CPU.Build.0 = Release|Any CPU
		{00B5C0C9-5E81-41DA-874F-34902B109B41}.Debug|Any CPU.ActiveCfg = Debug|Any CPU
		{00B5C0C9-5E81-41DA-874F-34902B109B41}.Debug|Any CPU.Build.0 = Debug|Any CPU
		{00B5C0C9-5E81-41DA-874F-34902B109B41}.Release|Any CPU.ActiveCfg = Release|Any CPU
		{00B5C0C9-5E81-41DA-874F-34902B109B41}.Release|Any CPU.Build.0 = Release|Any CPU
		{B9F93AB0-C6E7-4645-AA87-1F4575D8C7C5}.Debug|Any CPU.ActiveCfg = Debug|Any CPU
		{B9F93AB0-C6E7-4645-AA87-1F4575D8C7C5}.Debug|Any CPU.Build.0 = Debug|Any CPU
		{B9F93AB0-C6E7-4645-AA87-1F4575D8C7C5}.Release|Any CPU.ActiveCfg = Release|Any CPU
		{B9F93AB0-C6E7-4645-AA87-1F4575D8C7C5}.Release|Any CPU.Build.0 = Release|Any CPU
		{95D6F69B-AD48-4E7E-8EDD-8216C740A280}.Debug|Any CPU.ActiveCfg = Debug|Any CPU
		{95D6F69B-AD48-4E7E-8EDD-8216C740A280}.Debug|Any CPU.Build.0 = Debug|Any CPU
		{95D6F69B-AD48-4E7E-8EDD-8216C740A280}.Release|Any CPU.ActiveCfg = Release|Any CPU
		{95D6F69B-AD48-4E7E-8EDD-8216C740A280}.Release|Any CPU.Build.0 = Release|Any CPU
		{156C1CB3-2A81-4200-90B6-689EA5852426}.Debug|Any CPU.ActiveCfg = Debug|Any CPU
		{156C1CB3-2A81-4200-90B6-689EA5852426}.Debug|Any CPU.Build.0 = Debug|Any CPU
		{156C1CB3-2A81-4200-90B6-689EA5852426}.Release|Any CPU.ActiveCfg = Release|Any CPU
		{156C1CB3-2A81-4200-90B6-689EA5852426}.Release|Any CPU.Build.0 = Release|Any CPU
		{A87E93DD-D7F9-4AA0-9605-5F56D89F1AA2}.Debug|Any CPU.ActiveCfg = Debug|Any CPU
		{A87E93DD-D7F9-4AA0-9605-5F56D89F1AA2}.Debug|Any CPU.Build.0 = Debug|Any CPU
		{A87E93DD-D7F9-4AA0-9605-5F56D89F1AA2}.Release|Any CPU.ActiveCfg = Release|Any CPU
		{A87E93DD-D7F9-4AA0-9605-5F56D89F1AA2}.Release|Any CPU.Build.0 = Release|Any CPU
		{C42721A9-2FD0-489B-8DE6-1DD48BB4550F}.Debug|Any CPU.ActiveCfg = Debug|Any CPU
		{C42721A9-2FD0-489B-8DE6-1DD48BB4550F}.Debug|Any CPU.Build.0 = Debug|Any CPU
		{C42721A9-2FD0-489B-8DE6-1DD48BB4550F}.Release|Any CPU.ActiveCfg = Release|Any CPU
		{C42721A9-2FD0-489B-8DE6-1DD48BB4550F}.Release|Any CPU.Build.0 = Release|Any CPU
		{B2E114A1-EE6F-4116-A5F2-F14E66BF660B}.Debug|Any CPU.ActiveCfg = Debug|Any CPU
		{B2E114A1-EE6F-4116-A5F2-F14E66BF660B}.Debug|Any CPU.Build.0 = Debug|Any CPU
		{B2E114A1-EE6F-4116-A5F2-F14E66BF660B}.Release|Any CPU.ActiveCfg = Release|Any CPU
		{B2E114A1-EE6F-4116-A5F2-F14E66BF660B}.Release|Any CPU.Build.0 = Release|Any CPU
		{9D962881-6322-41C0-9190-DBCA8EA45B68}.Debug|Any CPU.ActiveCfg = Debug|Any CPU
		{9D962881-6322-41C0-9190-DBCA8EA45B68}.Debug|Any CPU.Build.0 = Debug|Any CPU
		{9D962881-6322-41C0-9190-DBCA8EA45B68}.Release|Any CPU.ActiveCfg = Release|Any CPU
		{9D962881-6322-41C0-9190-DBCA8EA45B68}.Release|Any CPU.Build.0 = Release|Any CPU
		{22EB6313-5837-4C4F-9A5E-C37F7EEB29AF}.Debug|Any CPU.ActiveCfg = Debug|Any CPU
		{22EB6313-5837-4C4F-9A5E-C37F7EEB29AF}.Debug|Any CPU.Build.0 = Debug|Any CPU
		{22EB6313-5837-4C4F-9A5E-C37F7EEB29AF}.Release|Any CPU.ActiveCfg = Release|Any CPU
		{22EB6313-5837-4C4F-9A5E-C37F7EEB29AF}.Release|Any CPU.Build.0 = Release|Any CPU
		{02B50866-CA6F-4DE9-9363-F3E7DD4A5F71}.Debug|Any CPU.ActiveCfg = Debug|Any CPU
		{02B50866-CA6F-4DE9-9363-F3E7DD4A5F71}.Debug|Any CPU.Build.0 = Debug|Any CPU
		{02B50866-CA6F-4DE9-9363-F3E7DD4A5F71}.Release|Any CPU.ActiveCfg = Release|Any CPU
		{02B50866-CA6F-4DE9-9363-F3E7DD4A5F71}.Release|Any CPU.Build.0 = Release|Any CPU
	EndGlobalSection
	GlobalSection(SolutionProperties) = preSolution
		HideSolutionNode = FALSE
	EndGlobalSection
	GlobalSection(NestedProjects) = preSolution
		{3AEB500B-03A0-4300-8A38-A8B288C4C919} = {02EA681E-C7D8-13C7-8484-4AC65E1B71E8}
		{EA0C2969-2DE8-297A-DAAD-97CF27A1608D} = {02EA681E-C7D8-13C7-8484-4AC65E1B71E8}
		{A898CB20-9F8E-4020-BCEB-AFB00E366712} = {02EA681E-C7D8-13C7-8484-4AC65E1B71E8}
		{F3DB5383-4AAE-483A-B78B-FAFE62FC424D} = {2AEC9BB4-1325-438F-8CFC-32DFB27F4568}
		{02E82EEC-8E76-4DC2-AFD1-6E85EA7A0594} = {2AEC9BB4-1325-438F-8CFC-32DFB27F4568}
		{2C83B1E7-10BE-429A-95D8-523962FB956A} = {2AEC9BB4-1325-438F-8CFC-32DFB27F4568}
		{1460C731-4CB0-4BB3-8653-D34B472C3923} = {F37E6795-A965-4E72-AE22-027875D39FDD}
		{8D0FCE86-8834-425A-A06F-E0AD9B5F2D5B} = {F37E6795-A965-4E72-AE22-027875D39FDD}
		{53D0A5B7-ED9C-4DA9-8A32-64E9D3D4C65B} = {F37E6795-A965-4E72-AE22-027875D39FDD}
		{64F807B1-ED4F-4FA4-A085-64C481B06A08} = {500DC82C-7324-44FF-8864-24DB69A65E2F}
		{9904DE14-72E1-4050-A295-DB60E75C6B03} = {500DC82C-7324-44FF-8864-24DB69A65E2F}
		{6CF2FB52-B70F-4F73-9C5F-203C1EC3EA93} = {500DC82C-7324-44FF-8864-24DB69A65E2F}
		{71185F17-B82E-4FDF-8F8D-61B8EE54CCFD} = {81AEBBD8-F593-44AD-895D-274171691CC2}
		{5691EB30-28A5-4E9D-917E-456732CBDD89} = {81AEBBD8-F593-44AD-895D-274171691CC2}
		{00B5C0C9-5E81-41DA-874F-34902B109B41} = {81AEBBD8-F593-44AD-895D-274171691CC2}
		{B9F93AB0-C6E7-4645-AA87-1F4575D8C7C5} = {1C321707-A89F-4FEB-AF1F-8BA7C81FD828}
		{95D6F69B-AD48-4E7E-8EDD-8216C740A280} = {1C321707-A89F-4FEB-AF1F-8BA7C81FD828}
		{156C1CB3-2A81-4200-90B6-689EA5852426} = {1C321707-A89F-4FEB-AF1F-8BA7C81FD828}
		{A87E93DD-D7F9-4AA0-9605-5F56D89F1AA2} = {485AEFBA-CFB4-45A2-9378-655F263E22EE}
		{C42721A9-2FD0-489B-8DE6-1DD48BB4550F} = {485AEFBA-CFB4-45A2-9378-655F263E22EE}
		{B2E114A1-EE6F-4116-A5F2-F14E66BF660B} = {485AEFBA-CFB4-45A2-9378-655F263E22EE}
		{9D962881-6322-41C0-9190-DBCA8EA45B68} = {2B53FC1D-858B-4A50-94F7-28A92C28AADA}
		{22EB6313-5837-4C4F-9A5E-C37F7EEB29AF} = {2B53FC1D-858B-4A50-94F7-28A92C28AADA}
		{02B50866-CA6F-4DE9-9363-F3E7DD4A5F71} = {2B53FC1D-858B-4A50-94F7-28A92C28AADA}
	EndGlobalSection
	GlobalSection(ExtensibilityGlobals) = postSolution
		SolutionGuid = {88DB9C78-7D2D-419B-AB5D-1B52DA040FC2}
	EndGlobalSection
EndGlobal
